PODS:
  - AWSCore (2.3.6)
  - AWSS3 (2.3.6):
    - AWSCore (= 2.3.6)
  - Babbage (2017.1.0.41):
    - AWSS3 (~> 2.3.5)
    - HTMLReader (~> 0.7)
    - UICKeyChainStore (~> 2.0)
  - HTMLReader (0.9.6)
  - IQKeyboardManagerSwift (4.0.7)
  - UICKeyChainStore (2.1.1)

DEPENDENCIES:
  - Babbage (from `AppConnectSwift/Babbage.podspec`)
  - IQKeyboardManagerSwift (~> 4.0)

EXTERNAL SOURCES:
  Babbage:
    :podspec: AppConnectSwift/Babbage.podspec

SPEC CHECKSUMS:
  AWSCore: 917d84b32974136194a905b98c0ae25c9f3350b8
  AWSS3: 1caaf6b45100503fecf3d418c394519a89409a74
  Babbage: 7b4427024d7e4648fc3c916713724ab867ed4a52
  HTMLReader: 7e21488ee378afc56ccade8af35840c4e03e434c
  IQKeyboardManagerSwift: 58bbcf46b5cf9fd4ed625d28a60cb2fbae4ab0f4
  UICKeyChainStore: 239558492fa260531a0774cfc611ea83a6eaff3a

PODFILE CHECKSUM: 7a65bedd0c7532eccfdf4378b6b2d1f7d8360981

COCOAPODS: 1.2.1
