PODS:
  - AWSCore (2.3.6)
  - AWSS3 (2.3.6):
    - AWSCore (= 2.3.6)
  - Babbage (2018.2.0.41):
    - AWSS3 (~> 2.3.5)
    - HTMLReader (~> 0.7)
    - UICKeyChainStore (~> 2.0)
  - HTMLReader (0.9.6)
  - IQKeyboardManagerSwift (6.0.5)
  - UICKeyChainStore (2.1.2)

DEPENDENCIES:
  - Babbage (from `AppConnectSwift/Babbage.podspec`)
  - IQKeyboardManagerSwift (~> 6.0.4)

SPEC REPOS:
  https://github.com/cocoapods/specs.git:
    - AWSCore
    - AWSS3
    - HTMLReader
    - IQKeyboardManagerSwift
    - UICKeyChainStore

EXTERNAL SOURCES:
  Babbage:
    :podspec: AppConnectSwift/Babbage.podspec

SPEC CHECKSUMS:
  AWSCore: 917d84b32974136194a905b98c0ae25c9f3350b8
  AWSS3: 1caaf6b45100503fecf3d418c394519a89409a74
  Babbage: 98a04ad784b0f35337921395ec0faf7d93947544
  HTMLReader: 7e21488ee378afc56ccade8af35840c4e03e434c
  IQKeyboardManagerSwift: c14eca30f6001457d6ddf25e313f23fb6578c41c
  UICKeyChainStore: 85db518bb1d294366d15ec9b92a416c4e670518f

PODFILE CHECKSUM: 9c97165d90859ad4a4b3b7e5635757a0a7d8b8c8

COCOAPODS: 1.5.3
