// !$*UTF8*$!
{
	archiveVersion = 1;
	classes = {
	};
	objectVersion = 46;
	objects = {

/* Begin PBXBuildFile section */
		46C9AD8C62E85F4759B6AB82 /* Pods_AppConnectSwift.framework in Frameworks */ = {isa = PBXBuildFile; fileRef = 9928879120C97A1FB4D05834 /* Pods_AppConnectSwift.framework */; };
		520806B91C29FB640070BA54 /* FieldViewController.swift in Sources */ = {isa = PBXBuildFile; fileRef = 520806B81C29FB640070BA54 /* FieldViewController.swift */; };
		523069721C319AEA0012A478 /* UIViewController+Extensions.swift in Sources */ = {isa = PBXBuildFile; fileRef = 523069711C319AEA0012A478 /* UIViewController+Extensions.swift */; };
		523069741C31C04D0012A478 /* README.md in Sources */ = {isa = PBXBuildFile; fileRef = 523069731C31C04D0012A478 /* README.md */; };
		5232B6DE1C29B4BA006D10EC /* demo_accounts.json in Resources */ = {isa = PBXBuildFile; fileRef = 5232B6DD1C29B4BA006D10EC /* demo_accounts.json */; };
		5232B6E01C29B5B5006D10EC /* sample.json in Resources */ = {isa = PBXBuildFile; fileRef = 5232B6DF1C29B5B5006D10EC /* sample.json */; };
		5268D2A31C2497FC00C75096 /* FormListViewController.swift in Sources */ = {isa = PBXBuildFile; fileRef = 5268D2A21C2497FC00C75096 /* FormListViewController.swift */; };
		526B32951C249BD400C4DBB8 /* LoginViewController.swift in Sources */ = {isa = PBXBuildFile; fileRef = 526B32941C249BD400C4DBB8 /* LoginViewController.swift */; };
		52C702521C3332A200FC00CF /* ReviewViewController.swift in Sources */ = {isa = PBXBuildFile; fileRef = 52C702511C3332A200FC00CF /* ReviewViewController.swift */; };
		52EC841B1C31863900683D5B /* Babbage.podspec in Resources */ = {isa = PBXBuildFile; fileRef = 52EC841A1C31863900683D5B /* Babbage.podspec */; };
		7B2862C01CC051AB00FDBDBC /* CreateAccountViewController.swift in Sources */ = {isa = PBXBuildFile; fileRef = 7B2862BF1CC051AB00FDBDBC /* CreateAccountViewController.swift */; };
		7B4919471CC013680051C55C /* SecurityQuestionViewController.swift in Sources */ = {isa = PBXBuildFile; fileRef = 7B4919461CC013680051C55C /* SecurityQuestionViewController.swift */; };
		7B4A8F631CBFE5FF0027F405 /* EmailViewController.swift in Sources */ = {isa = PBXBuildFile; fileRef = 7B4A8F621CBFE5FF0027F405 /* EmailViewController.swift */; };
		7B611DB31CBFFF79004A05BD /* PasswordViewController.swift in Sources */ = {isa = PBXBuildFile; fileRef = 7B611DB21CBFFF79004A05BD /* PasswordViewController.swift */; };
		7BBE62861CBD4B7800AA91E5 /* CaptureImageViewController.swift in Sources */ = {isa = PBXBuildFile; fileRef = 7BBE62851CBD4B7800AA91E5 /* CaptureImageViewController.swift */; };
		AAE6D3411C21C355009B0C6B /* AppDelegate.swift in Sources */ = {isa = PBXBuildFile; fileRef = AAE6D3401C21C355009B0C6B /* AppDelegate.swift */; };
		AAE6D3431C21C355009B0C6B /* MultiPageFormViewController.swift in Sources */ = {isa = PBXBuildFile; fileRef = AAE6D3421C21C355009B0C6B /* MultiPageFormViewController.swift */; };
		AAE6D3451C21C355009B0C6B /* OnePageFormViewController.swift in Sources */ = {isa = PBXBuildFile; fileRef = AAE6D3441C21C355009B0C6B /* OnePageFormViewController.swift */; };
		AAE6D3471C21C355009B0C6B /* ModelController.swift in Sources */ = {isa = PBXBuildFile; fileRef = AAE6D3461C21C355009B0C6B /* ModelController.swift */; };
		AAE6D34A1C21C355009B0C6B /* Main.storyboard in Resources */ = {isa = PBXBuildFile; fileRef = AAE6D3481C21C355009B0C6B /* Main.storyboard */; };
		AAE6D34C1C21C355009B0C6B /* Assets.xcassets in Resources */ = {isa = PBXBuildFile; fileRef = AAE6D34B1C21C355009B0C6B /* Assets.xcassets */; };
		AAE6D34F1C21C355009B0C6B /* LaunchScreen.storyboard in Resources */ = {isa = PBXBuildFile; fileRef = AAE6D34D1C21C355009B0C6B /* LaunchScreen.storyboard */; };
/* End PBXBuildFile section */

/* Begin PBXFileReference section */
		520806B81C29FB640070BA54 /* FieldViewController.swift */ = {isa = PBXFileReference; fileEncoding = 4; lastKnownFileType = sourcecode.swift; path = FieldViewController.swift; sourceTree = "<group>"; };
		523069711C319AEA0012A478 /* UIViewController+Extensions.swift */ = {isa = PBXFileReference; fileEncoding = 4; lastKnownFileType = sourcecode.swift; path = "UIViewController+Extensions.swift"; sourceTree = "<group>"; };
		523069731C31C04D0012A478 /* README.md */ = {isa = PBXFileReference; fileEncoding = 4; lastKnownFileType = net.daringfireball.markdown; path = README.md; sourceTree = SOURCE_ROOT; };
		5232B6DD1C29B4BA006D10EC /* demo_accounts.json */ = {isa = PBXFileReference; fileEncoding = 4; lastKnownFileType = text.json; path = demo_accounts.json; sourceTree = "<group>"; };
		5232B6DF1C29B5B5006D10EC /* sample.json */ = {isa = PBXFileReference; fileEncoding = 4; lastKnownFileType = text.json; path = sample.json; sourceTree = "<group>"; };
		5268D2A21C2497FC00C75096 /* FormListViewController.swift */ = {isa = PBXFileReference; fileEncoding = 4; lastKnownFileType = sourcecode.swift; path = FormListViewController.swift; sourceTree = "<group>"; };
		526B32941C249BD400C4DBB8 /* LoginViewController.swift */ = {isa = PBXFileReference; fileEncoding = 4; lastKnownFileType = sourcecode.swift; path = LoginViewController.swift; sourceTree = "<group>"; };
		52AFE38D1DD27AE700192606 /* AppConnectSwift-Debug.entitlements */ = {isa = PBXFileReference; lastKnownFileType = text.plist.entitlements; name = "AppConnectSwift-Debug.entitlements"; path = "AppConnectSwift/AppConnectSwift-Debug.entitlements"; sourceTree = "<group>"; };
		52C702511C3332A200FC00CF /* ReviewViewController.swift */ = {isa = PBXFileReference; fileEncoding = 4; lastKnownFileType = sourcecode.swift; path = ReviewViewController.swift; sourceTree = "<group>"; };
		52EC841A1C31863900683D5B /* Babbage.podspec */ = {isa = PBXFileReference; fileEncoding = 4; lastKnownFileType = text; path = Babbage.podspec; sourceTree = "<group>"; };
		7B2862BF1CC051AB00FDBDBC /* CreateAccountViewController.swift */ = {isa = PBXFileReference; fileEncoding = 4; lastKnownFileType = sourcecode.swift; path = CreateAccountViewController.swift; sourceTree = "<group>"; };
		7B4919461CC013680051C55C /* SecurityQuestionViewController.swift */ = {isa = PBXFileReference; fileEncoding = 4; lastKnownFileType = sourcecode.swift; path = SecurityQuestionViewController.swift; sourceTree = "<group>"; };
		7B4A8F621CBFE5FF0027F405 /* EmailViewController.swift */ = {isa = PBXFileReference; fileEncoding = 4; lastKnownFileType = sourcecode.swift; path = EmailViewController.swift; sourceTree = "<group>"; };
		7B611DB21CBFFF79004A05BD /* PasswordViewController.swift */ = {isa = PBXFileReference; fileEncoding = 4; lastKnownFileType = sourcecode.swift; path = PasswordViewController.swift; sourceTree = "<group>"; };
		7BBE62851CBD4B7800AA91E5 /* CaptureImageViewController.swift */ = {isa = PBXFileReference; fileEncoding = 4; lastKnownFileType = sourcecode.swift; path = CaptureImageViewController.swift; sourceTree = "<group>"; };
		9928879120C97A1FB4D05834 /* Pods_AppConnectSwift.framework */ = {isa = PBXFileReference; explicitFileType = wrapper.framework; includeInIndex = 0; path = Pods_AppConnectSwift.framework; sourceTree = BUILT_PRODUCTS_DIR; };
		A138161D32A835E7C5228952 /* Pods-AppConnectSwift.release.xcconfig */ = {isa = PBXFileReference; includeInIndex = 1; lastKnownFileType = text.xcconfig; name = "Pods-AppConnectSwift.release.xcconfig"; path = "Pods/Target Support Files/Pods-AppConnectSwift/Pods-AppConnectSwift.release.xcconfig"; sourceTree = "<group>"; };
		AAB90CF91C21C69500B7D4C7 /* Babbage-Bridging-Header.h */ = {isa = PBXFileReference; lastKnownFileType = sourcecode.c.h; path = "Babbage-Bridging-Header.h"; sourceTree = "<group>"; };
		AAE6D33D1C21C355009B0C6B /* AppConnectSwift.app */ = {isa = PBXFileReference; explicitFileType = wrapper.application; includeInIndex = 0; path = AppConnectSwift.app; sourceTree = BUILT_PRODUCTS_DIR; };
		AAE6D3401C21C355009B0C6B /* AppDelegate.swift */ = {isa = PBXFileReference; lastKnownFileType = sourcecode.swift; path = AppDelegate.swift; sourceTree = "<group>"; };
		AAE6D3421C21C355009B0C6B /* MultiPageFormViewController.swift */ = {isa = PBXFileReference; lastKnownFileType = sourcecode.swift; path = MultiPageFormViewController.swift; sourceTree = "<group>"; };
		AAE6D3441C21C355009B0C6B /* OnePageFormViewController.swift */ = {isa = PBXFileReference; lastKnownFileType = sourcecode.swift; path = OnePageFormViewController.swift; sourceTree = "<group>"; };
		AAE6D3461C21C355009B0C6B /* ModelController.swift */ = {isa = PBXFileReference; lastKnownFileType = sourcecode.swift; path = ModelController.swift; sourceTree = "<group>"; };
		AAE6D3491C21C355009B0C6B /* Base */ = {isa = PBXFileReference; lastKnownFileType = file.storyboard; name = Base; path = Base.lproj/Main.storyboard; sourceTree = "<group>"; };
		AAE6D34B1C21C355009B0C6B /* Assets.xcassets */ = {isa = PBXFileReference; lastKnownFileType = folder.assetcatalog; path = Assets.xcassets; sourceTree = "<group>"; };
		AAE6D34E1C21C355009B0C6B /* Base */ = {isa = PBXFileReference; lastKnownFileType = file.storyboard; name = Base; path = Base.lproj/LaunchScreen.storyboard; sourceTree = "<group>"; };
		AAE6D3501C21C355009B0C6B /* Info.plist */ = {isa = PBXFileReference; lastKnownFileType = text.plist.xml; path = Info.plist; sourceTree = "<group>"; };
		D0ACFE11926CFE2490549C72 /* Pods.framework */ = {isa = PBXFileReference; explicitFileType = wrapper.framework; includeInIndex = 0; path = Pods.framework; sourceTree = BUILT_PRODUCTS_DIR; };
		E579F52E8217208817732AED /* Pods-AppConnectSwift.debug.xcconfig */ = {isa = PBXFileReference; includeInIndex = 1; lastKnownFileType = text.xcconfig; name = "Pods-AppConnectSwift.debug.xcconfig"; path = "Pods/Target Support Files/Pods-AppConnectSwift/Pods-AppConnectSwift.debug.xcconfig"; sourceTree = "<group>"; };
/* End PBXFileReference section */

/* Begin PBXFrameworksBuildPhase section */
		AAE6D33A1C21C355009B0C6B /* Frameworks */ = {
			isa = PBXFrameworksBuildPhase;
			buildActionMask = 2147483647;
			files = (
				46C9AD8C62E85F4759B6AB82 /* Pods_AppConnectSwift.framework in Frameworks */,
			);
			runOnlyForDeploymentPostprocessing = 0;
		};
/* End PBXFrameworksBuildPhase section */

/* Begin PBXGroup section */
		17D6F2103057456019091679 /* Pods */ = {
			isa = PBXGroup;
			children = (
				E579F52E8217208817732AED /* Pods-AppConnectSwift.debug.xcconfig */,
				A138161D32A835E7C5228952 /* Pods-AppConnectSwift.release.xcconfig */,
			);
			name = Pods;
			sourceTree = "<group>";
		};
		203C8879E59240498BAF84BB /* Frameworks */ = {
			isa = PBXGroup;
			children = (
				D0ACFE11926CFE2490549C72 /* Pods.framework */,
				9928879120C97A1FB4D05834 /* Pods_AppConnectSwift.framework */,
			);
			name = Frameworks;
			sourceTree = "<group>";
		};
		5232B6DC1C29B49B006D10EC /* Supporting Files */ = {
			isa = PBXGroup;
			children = (
				5232B6DF1C29B5B5006D10EC /* sample.json */,
				5232B6DD1C29B4BA006D10EC /* demo_accounts.json */,
			);
			name = "Supporting Files";
			sourceTree = "<group>";
		};
		AAE6D3341C21C355009B0C6B = {
			isa = PBXGroup;
			children = (
				52AFE38D1DD27AE700192606 /* AppConnectSwift-Debug.entitlements */,
				AAE6D33F1C21C355009B0C6B /* AppConnectSample */,
				AAE6D33E1C21C355009B0C6B /* Products */,
				203C8879E59240498BAF84BB /* Frameworks */,
				17D6F2103057456019091679 /* Pods */,
			);
			sourceTree = "<group>";
		};
		AAE6D33E1C21C355009B0C6B /* Products */ = {
			isa = PBXGroup;
			children = (
				AAE6D33D1C21C355009B0C6B /* AppConnectSwift.app */,
			);
			name = Products;
			sourceTree = "<group>";
		};
		AAE6D33F1C21C355009B0C6B /* AppConnectSample */ = {
			isa = PBXGroup;
			children = (
				AAE6D3401C21C355009B0C6B /* AppDelegate.swift */,
				7BBE62851CBD4B7800AA91E5 /* CaptureImageViewController.swift */,
				7B4A8F621CBFE5FF0027F405 /* EmailViewController.swift */,
				7B611DB21CBFFF79004A05BD /* PasswordViewController.swift */,
				7B4919461CC013680051C55C /* SecurityQuestionViewController.swift */,
				7B2862BF1CC051AB00FDBDBC /* CreateAccountViewController.swift */,
				526B32941C249BD400C4DBB8 /* LoginViewController.swift */,
				5268D2A21C2497FC00C75096 /* FormListViewController.swift */,
				AAE6D3441C21C355009B0C6B /* OnePageFormViewController.swift */,
				AAE6D3421C21C355009B0C6B /* MultiPageFormViewController.swift */,
				AAE6D3461C21C355009B0C6B /* ModelController.swift */,
				520806B81C29FB640070BA54 /* FieldViewController.swift */,
				52C702511C3332A200FC00CF /* ReviewViewController.swift */,
				523069711C319AEA0012A478 /* UIViewController+Extensions.swift */,
				AAB90CF91C21C69500B7D4C7 /* Babbage-Bridging-Header.h */,
				AAE6D3481C21C355009B0C6B /* Main.storyboard */,
				AAE6D34B1C21C355009B0C6B /* Assets.xcassets */,
				AAE6D34D1C21C355009B0C6B /* LaunchScreen.storyboard */,
				AAE6D3501C21C355009B0C6B /* Info.plist */,
				52EC841A1C31863900683D5B /* Babbage.podspec */,
				5232B6DC1C29B49B006D10EC /* Supporting Files */,
				523069731C31C04D0012A478 /* README.md */,
			);
			name = AppConnectSample;
			path = AppConnectSwift;
			sourceTree = "<group>";
		};
/* End PBXGroup section */

/* Begin PBXNativeTarget section */
		AAE6D33C1C21C355009B0C6B /* AppConnectSwift */ = {
			isa = PBXNativeTarget;
			buildConfigurationList = AAE6D3531C21C355009B0C6B /* Build configuration list for PBXNativeTarget "AppConnectSwift" */;
			buildPhases = (
				8CB0E62DD84933FCEC95C3F6 /* [CP] Check Pods Manifest.lock */,
				AAE6D3391C21C355009B0C6B /* Sources */,
				AAE6D33A1C21C355009B0C6B /* Frameworks */,
				AAE6D33B1C21C355009B0C6B /* Resources */,
				7A23C907D0A118C474B9582C /* [CP] Embed Pods Frameworks */,
				91FBB4C2D89B348980ADB22A /* [CP] Copy Pods Resources */,
			);
			buildRules = (
			);
			dependencies = (
			);
			name = AppConnectSwift;
			productName = AppConnectSample;
			productReference = AAE6D33D1C21C355009B0C6B /* AppConnectSwift.app */;
			productType = "com.apple.product-type.application";
		};
/* End PBXNativeTarget section */

/* Begin PBXProject section */
		AAE6D3351C21C355009B0C6B /* Project object */ = {
			isa = PBXProject;
			attributes = {
				LastSwiftUpdateCheck = 0720;
				LastUpgradeCheck = 0720;
				ORGANIZATIONNAME = "Medidata Solutions";
				TargetAttributes = {
					AAE6D33C1C21C355009B0C6B = {
						CreatedOnToolsVersion = 7.2;
						LastSwiftMigration = 0810;
						SystemCapabilities = {
							com.apple.Keychain = {
								enabled = 0;
							};
						};
					};
				};
			};
			buildConfigurationList = AAE6D3381C21C355009B0C6B /* Build configuration list for PBXProject "AppConnectSwift" */;
			compatibilityVersion = "Xcode 3.2";
			developmentRegion = English;
			hasScannedForEncodings = 0;
			knownRegions = (
				en,
				Base,
			);
			mainGroup = AAE6D3341C21C355009B0C6B;
			productRefGroup = AAE6D33E1C21C355009B0C6B /* Products */;
			projectDirPath = "";
			projectRoot = "";
			targets = (
				AAE6D33C1C21C355009B0C6B /* AppConnectSwift */,
			);
		};
/* End PBXProject section */

/* Begin PBXResourcesBuildPhase section */
		AAE6D33B1C21C355009B0C6B /* Resources */ = {
			isa = PBXResourcesBuildPhase;
			buildActionMask = 2147483647;
			files = (
				AAE6D34F1C21C355009B0C6B /* LaunchScreen.storyboard in Resources */,
				AAE6D34C1C21C355009B0C6B /* Assets.xcassets in Resources */,
				5232B6DE1C29B4BA006D10EC /* demo_accounts.json in Resources */,
				52EC841B1C31863900683D5B /* Babbage.podspec in Resources */,
				AAE6D34A1C21C355009B0C6B /* Main.storyboard in Resources */,
				5232B6E01C29B5B5006D10EC /* sample.json in Resources */,
			);
			runOnlyForDeploymentPostprocessing = 0;
		};
/* End PBXResourcesBuildPhase section */

/* Begin PBXShellScriptBuildPhase section */
		7A23C907D0A118C474B9582C /* [CP] Embed Pods Frameworks */ = {
			isa = PBXShellScriptBuildPhase;
			buildActionMask = 2147483647;
			files = (
			);
			inputPaths = (
				"${SRCROOT}/Pods/Target Support Files/Pods-AppConnectSwift/Pods-AppConnectSwift-frameworks.sh",
				"${BUILT_PRODUCTS_DIR}/AWSCore/AWSCore.framework",
				"${BUILT_PRODUCTS_DIR}/AWSS3/AWSS3.framework",
				"${BUILT_PRODUCTS_DIR}/HTMLReader/HTMLReader.framework",
				"${BUILT_PRODUCTS_DIR}/IQKeyboardManagerSwift/IQKeyboardManagerSwift.framework",
				"${BUILT_PRODUCTS_DIR}/UICKeyChainStore/UICKeyChainStore.framework",
			);
			name = "[CP] Embed Pods Frameworks";
			outputPaths = (
				"${TARGET_BUILD_DIR}/${FRAMEWORKS_FOLDER_PATH}/AWSCore.framework",
				"${TARGET_BUILD_DIR}/${FRAMEWORKS_FOLDER_PATH}/AWSS3.framework",
				"${TARGET_BUILD_DIR}/${FRAMEWORKS_FOLDER_PATH}/HTMLReader.framework",
				"${TARGET_BUILD_DIR}/${FRAMEWORKS_FOLDER_PATH}/IQKeyboardManagerSwift.framework",
				"${TARGET_BUILD_DIR}/${FRAMEWORKS_FOLDER_PATH}/UICKeyChainStore.framework",
			);
			runOnlyForDeploymentPostprocessing = 0;
			shellPath = /bin/sh;
			shellScript = "\"${SRCROOT}/Pods/Target Support Files/Pods-AppConnectSwift/Pods-AppConnectSwift-frameworks.sh\"\n";
			showEnvVarsInLog = 0;
		};
		8CB0E62DD84933FCEC95C3F6 /* [CP] Check Pods Manifest.lock */ = {
			isa = PBXShellScriptBuildPhase;
			buildActionMask = 2147483647;
			files = (
			);
			inputPaths = (
				"${PODS_PODFILE_DIR_PATH}/Podfile.lock",
				"${PODS_ROOT}/Manifest.lock",
			);
			name = "[CP] Check Pods Manifest.lock";
			outputPaths = (
				"$(DERIVED_FILE_DIR)/Pods-AppConnectSwift-checkManifestLockResult.txt",
			);
			runOnlyForDeploymentPostprocessing = 0;
			shellPath = /bin/sh;
			shellScript = "diff \"${PODS_PODFILE_DIR_PATH}/Podfile.lock\" \"${PODS_ROOT}/Manifest.lock\" > /dev/null\nif [ $? != 0 ] ; then\n    # print error to STDERR\n    echo \"error: The sandbox is not in sync with the Podfile.lock. Run 'pod install' or update your CocoaPods installation.\" >&2\n    exit 1\nfi\n# This output is used by Xcode 'outputs' to avoid re-running this script phase.\necho \"SUCCESS\" > \"${SCRIPT_OUTPUT_FILE_0}\"\n";
			showEnvVarsInLog = 0;
		};
		91FBB4C2D89B348980ADB22A /* [CP] Copy Pods Resources */ = {
			isa = PBXShellScriptBuildPhase;
			buildActionMask = 2147483647;
			files = (
			);
			inputPaths = (
			);
			name = "[CP] Copy Pods Resources";
			outputPaths = (
			);
			runOnlyForDeploymentPostprocessing = 0;
			shellPath = /bin/sh;
			shellScript = "\"${SRCROOT}/Pods/Target Support Files/Pods-AppConnectSwift/Pods-AppConnectSwift-resources.sh\"\n";
			showEnvVarsInLog = 0;
		};
/* End PBXShellScriptBuildPhase section */

/* Begin PBXSourcesBuildPhase section */
		AAE6D3391C21C355009B0C6B /* Sources */ = {
			isa = PBXSourcesBuildPhase;
			buildActionMask = 2147483647;
			files = (
				7B2862C01CC051AB00FDBDBC /* CreateAccountViewController.swift in Sources */,
				523069721C319AEA0012A478 /* UIViewController+Extensions.swift in Sources */,
				520806B91C29FB640070BA54 /* FieldViewController.swift in Sources */,
				52C702521C3332A200FC00CF /* ReviewViewController.swift in Sources */,
				526B32951C249BD400C4DBB8 /* LoginViewController.swift in Sources */,
				5268D2A31C2497FC00C75096 /* FormListViewController.swift in Sources */,
				AAE6D3431C21C355009B0C6B /* MultiPageFormViewController.swift in Sources */,
				7B4919471CC013680051C55C /* SecurityQuestionViewController.swift in Sources */,
				7B611DB31CBFFF79004A05BD /* PasswordViewController.swift in Sources */,
				AAE6D3471C21C355009B0C6B /* ModelController.swift in Sources */,
				7B4A8F631CBFE5FF0027F405 /* EmailViewController.swift in Sources */,
				523069741C31C04D0012A478 /* README.md in Sources */,
				AAE6D3451C21C355009B0C6B /* OnePageFormViewController.swift in Sources */,
				7BBE62861CBD4B7800AA91E5 /* CaptureImageViewController.swift in Sources */,
				AAE6D3411C21C355009B0C6B /* AppDelegate.swift in Sources */,
			);
			runOnlyForDeploymentPostprocessing = 0;
		};
/* End PBXSourcesBuildPhase section */

/* Begin PBXVariantGroup section */
		AAE6D3481C21C355009B0C6B /* Main.storyboard */ = {
			isa = PBXVariantGroup;
			children = (
				AAE6D3491C21C355009B0C6B /* Base */,
			);
			name = Main.storyboard;
			sourceTree = "<group>";
		};
		AAE6D34D1C21C355009B0C6B /* LaunchScreen.storyboard */ = {
			isa = PBXVariantGroup;
			children = (
				AAE6D34E1C21C355009B0C6B /* Base */,
			);
			name = LaunchScreen.storyboard;
			sourceTree = "<group>";
		};
/* End PBXVariantGroup section */

/* Begin XCBuildConfiguration section */
		AAE6D3511C21C355009B0C6B /* Debug */ = {
			isa = XCBuildConfiguration;
			buildSettings = {
				ALWAYS_SEARCH_USER_PATHS = NO;
				CLANG_CXX_LANGUAGE_STANDARD = "gnu++0x";
				CLANG_CXX_LIBRARY = "libc++";
				CLANG_ENABLE_MODULES = YES;
				CLANG_ENABLE_OBJC_ARC = YES;
				CLANG_WARN_BOOL_CONVERSION = YES;
				CLANG_WARN_CONSTANT_CONVERSION = YES;
				CLANG_WARN_DIRECT_OBJC_ISA_USAGE = YES_ERROR;
				CLANG_WARN_EMPTY_BODY = YES;
				CLANG_WARN_ENUM_CONVERSION = YES;
				CLANG_WARN_INT_CONVERSION = YES;
				CLANG_WARN_OBJC_ROOT_CLASS = YES_ERROR;
				CLANG_WARN_UNREACHABLE_CODE = YES;
				CLANG_WARN__DUPLICATE_METHOD_MATCH = YES;
				"CODE_SIGN_IDENTITY[sdk=iphoneos*]" = "iPhone Developer";
				COPY_PHASE_STRIP = NO;
				DEBUG_INFORMATION_FORMAT = dwarf;
				ENABLE_BITCODE = NO;
				ENABLE_STRICT_OBJC_MSGSEND = YES;
				ENABLE_TESTABILITY = YES;
				GCC_C_LANGUAGE_STANDARD = gnu99;
				GCC_DYNAMIC_NO_PIC = NO;
				GCC_NO_COMMON_BLOCKS = YES;
				GCC_OPTIMIZATION_LEVEL = 0;
				GCC_PREPROCESSOR_DEFINITIONS = (
					"DEBUG=1",
					"$(inherited)",
				);
				GCC_WARN_64_TO_32_BIT_CONVERSION = YES;
				GCC_WARN_ABOUT_RETURN_TYPE = YES_ERROR;
				GCC_WARN_UNDECLARED_SELECTOR = YES;
				GCC_WARN_UNINITIALIZED_AUTOS = YES_AGGRESSIVE;
				GCC_WARN_UNUSED_FUNCTION = YES;
				GCC_WARN_UNUSED_VARIABLE = YES;
				IPHONEOS_DEPLOYMENT_TARGET = 9.0;
				MTL_ENABLE_DEBUG_INFO = YES;
				ONLY_ACTIVE_ARCH = YES;
				SDKROOT = iphoneos;
				SWIFT_OPTIMIZATION_LEVEL = "-Onone";
			};
			name = Debug;
		};
		AAE6D3521C21C355009B0C6B /* Release */ = {
			isa = XCBuildConfiguration;
			buildSettings = {
				ALWAYS_SEARCH_USER_PATHS = NO;
				CLANG_CXX_LANGUAGE_STANDARD = "gnu++0x";
				CLANG_CXX_LIBRARY = "libc++";
				CLANG_ENABLE_MODULES = YES;
				CLANG_ENABLE_OBJC_ARC = YES;
				CLANG_WARN_BOOL_CONVERSION = YES;
				CLANG_WARN_CONSTANT_CONVERSION = YES;
				CLANG_WARN_DIRECT_OBJC_ISA_USAGE = YES_ERROR;
				CLANG_WARN_EMPTY_BODY = YES;
				CLANG_WARN_ENUM_CONVERSION = YES;
				CLANG_WARN_INT_CONVERSION = YES;
				CLANG_WARN_OBJC_ROOT_CLASS = YES_ERROR;
				CLANG_WARN_UNREACHABLE_CODE = YES;
				CLANG_WARN__DUPLICATE_METHOD_MATCH = YES;
				"CODE_SIGN_IDENTITY[sdk=iphoneos*]" = "iPhone Developer";
				COPY_PHASE_STRIP = NO;
				DEBUG_INFORMATION_FORMAT = "dwarf-with-dsym";
				ENABLE_BITCODE = NO;
				ENABLE_NS_ASSERTIONS = NO;
				ENABLE_STRICT_OBJC_MSGSEND = YES;
				GCC_C_LANGUAGE_STANDARD = gnu99;
				GCC_NO_COMMON_BLOCKS = YES;
				GCC_WARN_64_TO_32_BIT_CONVERSION = YES;
				GCC_WARN_ABOUT_RETURN_TYPE = YES_ERROR;
				GCC_WARN_UNDECLARED_SELECTOR = YES;
				GCC_WARN_UNINITIALIZED_AUTOS = YES_AGGRESSIVE;
				GCC_WARN_UNUSED_FUNCTION = YES;
				GCC_WARN_UNUSED_VARIABLE = YES;
				IPHONEOS_DEPLOYMENT_TARGET = 9.0;
				MTL_ENABLE_DEBUG_INFO = NO;
				SDKROOT = iphoneos;
				VALIDATE_PRODUCT = YES;
			};
			name = Release;
		};
		AAE6D3541C21C355009B0C6B /* Debug */ = {
			isa = XCBuildConfiguration;
			baseConfigurationReference = E579F52E8217208817732AED /* Pods-AppConnectSwift.debug.xcconfig */;
			buildSettings = {
				ASSETCATALOG_COMPILER_APPICON_NAME = AppIcon;
				CODE_SIGN_ENTITLEMENTS = "AppConnectSwift/AppConnectSwift-Debug.entitlements";
				DEVELOPMENT_TEAM = "";
				INFOPLIST_FILE = AppConnectSwift/Info.plist;
				IPHONEOS_DEPLOYMENT_TARGET = 10.3;
				LD_RUNPATH_SEARCH_PATHS = "$(inherited) @executable_path/Frameworks";
				PRODUCT_BUNDLE_IDENTIFIER = com.mdsol.AppConnectSwift;
				PRODUCT_NAME = AppConnectSwift;
				SWIFT_OBJC_BRIDGING_HEADER = "AppConnectSwift/Babbage-Bridging-Header.h";
				SWIFT_VERSION = 3.0;
			};
			name = Debug;
		};
		AAE6D3551C21C355009B0C6B /* Release */ = {
			isa = XCBuildConfiguration;
			baseConfigurationReference = A138161D32A835E7C5228952 /* Pods-AppConnectSwift.release.xcconfig */;
			buildSettings = {
				ASSETCATALOG_COMPILER_APPICON_NAME = AppIcon;
				DEVELOPMENT_TEAM = "";
				INFOPLIST_FILE = AppConnectSwift/Info.plist;
				IPHONEOS_DEPLOYMENT_TARGET = 10.3;
				LD_RUNPATH_SEARCH_PATHS = "$(inherited) @executable_path/Frameworks";
				PRODUCT_BUNDLE_IDENTIFIER = com.mdsol.AppConnectSwift;
				PRODUCT_NAME = AppConnectSwift;
				SWIFT_OBJC_BRIDGING_HEADER = "AppConnectSwift/Babbage-Bridging-Header.h";
				SWIFT_VERSION = 3.0;
			};
			name = Release;
		};
/* End XCBuildConfiguration section */

/* Begin XCConfigurationList section */
		AAE6D3381C21C355009B0C6B /* Build configuration list for PBXProject "AppConnectSwift" */ = {
			isa = XCConfigurationList;
			buildConfigurations = (
				AAE6D3511C21C355009B0C6B /* Debug */,
				AAE6D3521C21C355009B0C6B /* Release */,
			);
			defaultConfigurationIsVisible = 0;
			defaultConfigurationName = Release;
		};
		AAE6D3531C21C355009B0C6B /* Build configuration list for PBXNativeTarget "AppConnectSwift" */ = {
			isa = XCConfigurationList;
			buildConfigurations = (
				AAE6D3541C21C355009B0C6B /* Debug */,
				AAE6D3551C21C355009B0C6B /* Release */,
			);
			defaultConfigurationIsVisible = 0;
			defaultConfigurationName = Release;
		};
/* End XCConfigurationList section */
	};
	rootObject = AAE6D3351C21C355009B0C6B /* Project object */;
}
